
Microsoft Visual Studio Solution File, Format Version 12.00
# Visual Studio Version 17
VisualStudioVersion = 17.12.35527.113 d17.12
MinimumVisualStudioVersion = 10.0.40219.1
Project("{FAE04EC0-301F-11D3-BF4B-00C04F79EFBC}") = "RQL2Expression", "RQL2Expression.csproj", "{1E5B66A8-7498-4C11-94A2-D55119157BA4}"
EndProject
Global
	GlobalSection(SolutionConfigurationPlatforms) = preSolution
		Debug|Any CPU = Debug|Any CPU
		Release|Any CPU = Release|Any CPU
	EndGlobalSection
	GlobalSection(ProjectConfigurationPlatforms) = postSolution
		{1E5B66A8-7498-4C11-94A2-D55119157BA4}.Debug|Any CPU.ActiveCfg = Debug|Any CPU
		{1E5B66A8-7498-4C11-94A2-D55119157BA4}.Debug|Any CPU.Build.0 = Debug|Any CPU
		{1E5B66A8-7498-4C11-94A2-D55119157BA4}.Release|Any CPU.ActiveCfg = Release|Any CPU
		{1E5B66A8-7498-4C11-94A2-D55119157BA4}.Release|Any CPU.Build.0 = Release|Any CPU
	EndGlobalSection
	GlobalSection(SolutionProperties) = preSolution
		HideSolutionNode = FALSE
	EndGlobalSection
EndGlobal
